{
  "name": "avrodoc",
  "version": "0.3.0",
  "lockfileVersion": 1,
  "requires": true,
  "dependencies": {
    "abbrev": {
      "version": "1.1.1",
      "resolved": "https://registry.npmjs.org/abbrev/-/abbrev-1.1.1.tgz",
      "integrity": "sha512-nne9/IiQ/hzIhY6pdDnbBtz7DjPTKrY00P/zvPSm5pOFkl6xuGrGnXn/VtTNNfNtAfZ9/1RtehkszU9qcTii0Q==",
      "dev": true
    },
    "argparse": {
      "version": "0.1.16",
      "resolved": "https://registry.npmjs.org/argparse/-/argparse-0.1.16.tgz",
      "integrity": "sha1-z9AeD7uj1srtBJ+9dY1A9lGW9Xw=",
      "dev": true,
      "requires": {
        "underscore": "~1.7.0",
        "underscore.string": "~2.4.0"
      },
      "dependencies": {
        "underscore": {
          "version": "1.7.0",
          "resolved": "https://registry.npmjs.org/underscore/-/underscore-1.7.0.tgz",
          "integrity": "sha1-a7rwh3UA02vjTsqlhODbn+8DUgk=",
          "dev": true
        },
        "underscore.string": {
          "version": "2.4.0",
          "resolved": "https://registry.npmjs.org/underscore.string/-/underscore.string-2.4.0.tgz",
          "integrity": "sha1-jN2PusTi0uoefi6Al8QvRCKA+Fs=",
          "dev": true
        }
      }
    },
    "asn1": {
      "version": "0.1.11",
      "resolved": "https://registry.npmjs.org/asn1/-/asn1-0.1.11.tgz",
      "integrity": "sha1-VZvhg3bQik7E2+gId9J4GGObLfc=",
      "dev": true
    },
    "assert-plus": {
      "version": "0.1.2",
      "resolved": "https://registry.npmjs.org/assert-plus/-/assert-plus-0.1.2.tgz",
      "integrity": "sha1-2T/9u2esVQd3m+MWp9ZRRkF77vg=",
      "dev": true
    },
    "async": {
      "version": "0.1.22",
      "resolved": "https://registry.npmjs.org/async/-/async-0.1.22.tgz",
      "integrity": "sha1-D8GqoIig4+8Ovi2IMbqw3PiEUGE=",
      "dev": true
    },
    "aws-sign": {
      "version": "0.3.0",
      "resolved": "https://registry.npmjs.org/aws-sign/-/aws-sign-0.3.0.tgz",
      "integrity": "sha1-PYHKabR0seFlGHKLUcJP8Lvtxuk=",
      "dev": true
    },
    "boom": {
      "version": "0.4.2",
      "resolved": "https://registry.npmjs.org/boom/-/boom-0.4.2.tgz",
      "integrity": "sha1-emNune1O/O+xnO9JR6PGffrukRs=",
      "dev": true,
      "requires": {
        "hoek": "0.9.x"
      },
      "dependencies": {
        "hoek": {
          "version": "0.9.1",
          "resolved": "https://registry.npmjs.org/hoek/-/hoek-0.9.1.tgz",
          "integrity": "sha1-PTIkYrrfB3Fup+uFuviAec3c5QU=",
          "dev": true
        }
      }
    },
    "bytes": {
      "version": "0.1.0",
      "resolved": "https://registry.npmjs.org/bytes/-/bytes-0.1.0.tgz",
      "integrity": "sha1-xXSBIigSbWNp0VdpJahXnbP45aI="
    },
    "cli": {
      "version": "0.4.5",
      "resolved": "https://registry.npmjs.org/cli/-/cli-0.4.5.tgz",
      "integrity": "sha1-ePlIXNFhtWbppsctcXDEJw6B22E=",
      "dev": true,
      "requires": {
        "glob": ">= 3.1.4"
      }
    },
    "cli-table": {
      "version": "0.0.2",
      "resolved": "https://registry.npmjs.org/cli-table/-/cli-table-0.0.2.tgz",
      "integrity": "sha1-mChn4WQ1Mlxmwgih5xuVM26jCTs=",
      "requires": {
        "colors": "0.3.0"
      }
    },
    "coffee-script": {
      "version": "1.12.7",
      "resolved": "https://registry.npmjs.org/coffee-script/-/coffee-script-1.12.7.tgz",
      "integrity": "sha512-fLeEhqwymYat/MpTPUjSKHVYYl0ec2mOyALEMLmzr5i1isuG+6jfI2j2d5oBO3VIzgUXgBVIcOT9uH1TFxBckw=="
    },
    "colors": {
      "version": "0.3.0",
      "resolved": "https://registry.npmjs.org/colors/-/colors-0.3.0.tgz",
      "integrity": "sha1-wkfWTTTbDKTcjkPz7NbamNCvlOc="
    },
    "combined-stream": {
      "version": "0.0.7",
      "resolved": "https://registry.npmjs.org/combined-stream/-/combined-stream-0.0.7.tgz",
      "integrity": "sha1-ATfmV7qlp1QcV6w3rF/AfXO03B8=",
      "dev": true,
      "requires": {
        "delayed-stream": "0.0.5"
      }
    },
    "commander": {
      "version": "0.6.1",
      "resolved": "https://registry.npmjs.org/commander/-/commander-0.6.1.tgz",
      "integrity": "sha1-+mihT2qUXVTbvlDYzbMyDp47GgY="
    },
    "connect": {
      "version": "2.5.0",
      "resolved": "https://registry.npmjs.org/connect/-/connect-2.5.0.tgz",
      "integrity": "sha1-XsQvidUls3ymAnTE1Br7vnzsvZk=",
      "requires": {
        "bytes": "0.1.0",
        "cookie": "0.0.4",
        "crc": "0.2.0",
        "debug": "*",
        "formidable": "1.0.11",
        "fresh": "0.1.0",
        "pause": "0.0.1",
        "qs": "0.5.1",
        "send": "0.0.4"
      },
      "dependencies": {
        "send": {
          "version": "0.0.4",
          "resolved": "https://registry.npmjs.org/send/-/send-0.0.4.tgz",
          "integrity": "sha1-LUz3mxifzQlhDhMCUQrJsOTd6AA=",
          "requires": {
            "debug": "*",
            "fresh": "0.1.0",
            "mime": "1.2.6",
            "range-parser": "0.0.4"
          }
        }
      }
    },
    "console-browserify": {
      "version": "0.1.6",
      "resolved": "https://registry.npmjs.org/console-browserify/-/console-browserify-0.1.6.tgz",
      "integrity": "sha1-0SijwLuINQ61YmxufHGm8P1ImDw=",
      "dev": true
    },
    "cookie": {
      "version": "0.0.4",
      "resolved": "https://registry.npmjs.org/cookie/-/cookie-0.0.4.tgz",
      "integrity": "sha1-VFa9R67iZm6sl26oCmEFlASD/pg="
    },
    "cookie-jar": {
      "version": "0.3.0",
      "resolved": "https://registry.npmjs.org/cookie-jar/-/cookie-jar-0.3.0.tgz",
      "integrity": "sha1-vJon1OK5fhhs1XyeIGPLmfpozMw=",
      "dev": true
    },
    "cover": {
      "version": "0.2.9",
      "resolved": "https://registry.npmjs.org/cover/-/cover-0.2.9.tgz",
      "integrity": "sha1-JiAp37MXFNSAQ/7ZHt5lhZOVXdQ=",
      "requires": {
        "cli-table": "0.0.x",
        "underscore": "1.2.x",
        "underscore.string": "2.0.x",
        "which": "1.0.x"
      },
      "dependencies": {
        "underscore": {
          "version": "1.2.4",
          "resolved": "https://registry.npmjs.org/underscore/-/underscore-1.2.4.tgz",
          "integrity": "sha1-6NpiQaoG9k3yRzuyWQuMF8hMPH4="
        }
      }
    },
    "crc": {
      "version": "0.2.0",
      "resolved": "https://registry.npmjs.org/crc/-/crc-0.2.0.tgz",
      "integrity": "sha1-9Ehrm/ChLfg8P8oU4x4DD9q9lFQ="
    },
    "cryptiles": {
      "version": "0.2.2",
      "resolved": "https://registry.npmjs.org/cryptiles/-/cryptiles-0.2.2.tgz",
      "integrity": "sha1-7ZH/HxetE9N0gohZT4pIoNJvMlw=",
      "dev": true,
      "requires": {
        "boom": "0.4.x"
      }
    },
    "ctype": {
      "version": "0.5.2",
      "resolved": "https://registry.npmjs.org/ctype/-/ctype-0.5.2.tgz",
      "integrity": "sha1-/oCR1Gijc6Cwyf+Lv7NCXACXOh0=",
      "dev": true
    },
    "dateformat": {
      "version": "1.0.2-1.2.3",
      "resolved": "https://registry.npmjs.org/dateformat/-/dateformat-1.0.2-1.2.3.tgz",
      "integrity": "sha1-sCIMAt6YYXQztyhRz0fePfLNvuk=",
      "dev": true
    },
    "debug": {
      "version": "4.1.1",
      "resolved": "https://registry.npmjs.org/debug/-/debug-4.1.1.tgz",
      "integrity": "sha512-pYAIzeRo8J6KPEaJ0VWOh5Pzkbw/RetuzehGM7QRRX5he4fPHx2rdKMB256ehJCkX+XRQm16eZLqLNS8RSZXZw==",
      "requires": {
        "ms": "^2.1.1"
      }
    },
    "delayed-stream": {
      "version": "0.0.5",
      "resolved": "https://registry.npmjs.org/delayed-stream/-/delayed-stream-0.0.5.tgz",
      "integrity": "sha1-1LH0OpPoKW3+AmlPRoC8N6MTxz8=",
      "dev": true
    },
    "dustjs-helpers": {
      "version": "1.1.0",
      "resolved": "https://registry.npmjs.org/dustjs-helpers/-/dustjs-helpers-1.1.0.tgz",
      "integrity": "sha1-gN7gfkk3rdTzeMmyFQ4lg4tMq3I="
    },
    "dustjs-linkedin": {
      "version": "1.1.1",
      "resolved": "https://registry.npmjs.org/dustjs-linkedin/-/dustjs-linkedin-1.1.1.tgz",
      "integrity": "sha1-yv+2zx+CxzN84gNG8i5WYskvBQI=",
      "requires": {
        "cover": "0.2.x",
        "jasmine-node": "1.0.x",
        "uglify-js": "1.3.3"
      }
    },
    "esprima": {
      "version": "1.0.4",
      "resolved": "https://registry.npmjs.org/esprima/-/esprima-1.0.4.tgz",
      "integrity": "sha1-n1V+CPw7TSbs6d00+Pv0drYlha0=",
      "dev": true
    },
    "eventemitter2": {
      "version": "0.4.14",
      "resolved": "https://registry.npmjs.org/eventemitter2/-/eventemitter2-0.4.14.tgz",
      "integrity": "sha1-j2G3XN4BKy6esoTUVFWDtWQ7Yas=",
      "dev": true
    },
    "express": {
      "version": "3.0.0-rc5",
      "resolved": "https://registry.npmjs.org/express/-/express-3.0.0rc5.tgz",
      "integrity": "sha1-xjtWJX8zp0SY28C6iYaj1bYn/J0=",
      "requires": {
        "commander": "0.6.1",
        "connect": "2.5.0",
        "cookie": "0.0.4",
        "crc": "0.2.0",
        "debug": "*",
        "fresh": "0.1.0",
        "methods": "0.0.1",
        "mkdirp": "0.3.3",
        "range-parser": "0.0.4",
        "send": "0.1.0"
      },
      "dependencies": {
        "mkdirp": {
          "version": "0.3.3",
          "resolved": "https://registry.npmjs.org/mkdirp/-/mkdirp-0.3.3.tgz",
          "integrity": "sha1-WV4lHBNww6aLqyE20ONIuBBa3xM="
        }
      }
    },
    "findup-sync": {
      "version": "0.1.3",
      "resolved": "https://registry.npmjs.org/findup-sync/-/findup-sync-0.1.3.tgz",
      "integrity": "sha1-fz56l7gjksZTvwZYm9hRkOk8NoM=",
      "dev": true,
      "requires": {
        "glob": "~3.2.9",
        "lodash": "~2.4.1"
      },
      "dependencies": {
        "glob": {
          "version": "3.2.11",
          "resolved": "https://registry.npmjs.org/glob/-/glob-3.2.11.tgz",
          "integrity": "sha1-Spc/Y1uRkPcV0QmH1cAP0oFevj0=",
          "dev": true,
          "requires": {
            "inherits": "2",
            "minimatch": "0.3"
          }
        },
        "inherits": {
          "version": "2.0.3",
          "resolved": "https://registry.npmjs.org/inherits/-/inherits-2.0.3.tgz",
          "integrity": "sha1-Yzwsg+PaQqUC9SRmAiSA9CCCYd4=",
          "dev": true
        },
        "lodash": {
          "version": "2.4.2",
          "resolved": "https://registry.npmjs.org/lodash/-/lodash-2.4.2.tgz",
          "integrity": "sha1-+t2DS5aDBz2hebPq5tnA0VBT9z4=",
          "dev": true
        },
        "minimatch": {
          "version": "0.3.0",
          "resolved": "https://registry.npmjs.org/minimatch/-/minimatch-0.3.0.tgz",
          "integrity": "sha1-J12O2qxPG7MyZHIInnlJyDlGmd0=",
          "dev": true,
          "requires": {
            "lru-cache": "2",
            "sigmund": "~1.0.0"
          }
        }
      }
    },
    "forever-agent": {
      "version": "0.5.2",
      "resolved": "https://registry.npmjs.org/forever-agent/-/forever-agent-0.5.2.tgz",
      "integrity": "sha1-bQ4JxJIflKJ/Y9O0nF/v8epMUTA=",
      "dev": true
    },
    "form-data": {
      "version": "0.0.8",
      "resolved": "https://registry.npmjs.org/form-data/-/form-data-0.0.8.tgz",
      "integrity": "sha1-CJDNEAXFzOzAudJKiAUskkQtDbU=",
      "dev": true,
      "requires": {
        "async": "~0.2.7",
        "combined-stream": "~0.0.4",
        "mime": "~1.2.2"
      },
      "dependencies": {
        "async": {
          "version": "0.2.10",
          "resolved": "https://registry.npmjs.org/async/-/async-0.2.10.tgz",
          "integrity": "sha1-trvgsGdLnXGXCMo43owjfLUmw9E=",
          "dev": true
        }
      }
    },
    "formidable": {
      "version": "1.0.11",
      "resolved": "https://registry.npmjs.org/formidable/-/formidable-1.0.11.tgz",
      "integrity": "sha1-aPYzJaA15kS297s9ESQ7l2HeGzA="
    },
    "fresh": {
      "version": "0.1.0",
      "resolved": "https://registry.npmjs.org/fresh/-/fresh-0.1.0.tgz",
      "integrity": "sha1-A+SwF4Qk5MLV0ZpU2IFM3JeTSFA="
    },
    "glob": {
      "version": "3.1.14",
      "resolved": "https://registry.npmjs.org/glob/-/glob-3.1.14.tgz",
      "integrity": "sha1-+XpzHEHaZpXcg5RLuyF36aKbNj0=",
      "requires": {
        "graceful-fs": "~1.1.2",
        "inherits": "1",
        "minimatch": "0.2"
      }
    },
    "graceful-fs": {
      "version": "1.1.14",
      "resolved": "https://registry.npmjs.org/graceful-fs/-/graceful-fs-1.1.14.tgz",
      "integrity": "sha1-BweNtfY3f2Mh/Oqu30l94STclGU="
    },
    "grunt": {
      "version": "0.4.1",
      "resolved": "https://registry.npmjs.org/grunt/-/grunt-0.4.1.tgz",
      "integrity": "sha1-1YkuVoCt2e0b796apjXPRrj0lyk=",
      "dev": true,
      "requires": {
        "async": "~0.1.22",
        "coffee-script": "~1.3.3",
        "colors": "~0.6.0-1",
        "dateformat": "1.0.2-1.2.3",
        "eventemitter2": "~0.4.9",
        "findup-sync": "~0.1.0",
        "glob": "~3.1.21",
        "hooker": "~0.2.3",
        "iconv-lite": "~0.2.5",
        "js-yaml": "~2.0.2",
        "lodash": "~0.9.0",
        "minimatch": "~0.2.6",
        "nopt": "~1.0.10",
        "rimraf": "~2.0.2",
        "underscore.string": "~2.2.0rc",
        "which": "~1.0.5"
      },
      "dependencies": {
        "coffee-script": {
          "version": "1.3.3",
          "resolved": "https://registry.npmjs.org/coffee-script/-/coffee-script-1.3.3.tgz",
          "integrity": "sha1-FQ1rTLUiiUNp7+1qIQHCC8f0pPQ=",
          "dev": true
        },
        "colors": {
          "version": "0.6.2",
          "resolved": "https://registry.npmjs.org/colors/-/colors-0.6.2.tgz",
          "integrity": "sha1-JCP+ZnisDF2uiFLl0OW+CMmXq8w=",
          "dev": true
        },
        "glob": {
          "version": "3.1.21",
          "resolved": "https://registry.npmjs.org/glob/-/glob-3.1.21.tgz",
          "integrity": "sha1-0p4KBV3qUTj00H7UDomC6DwgZs0=",
          "dev": true,
          "requires": {
            "graceful-fs": "~1.2.0",
            "inherits": "1",
            "minimatch": "~0.2.11"
          }
        },
        "graceful-fs": {
          "version": "1.2.3",
          "resolved": "https://registry.npmjs.org/graceful-fs/-/graceful-fs-1.2.3.tgz",
          "integrity": "sha1-FaSAaldUfLLS2/J/QuiajDRRs2Q=",
          "dev": true
        },
        "underscore.string": {
          "version": "2.2.1",
          "resolved": "https://registry.npmjs.org/underscore.string/-/underscore.string-2.2.1.tgz",
          "integrity": "sha1-18D6KvXVoaZ/QlPa7pgTLnM/Dxk=",
          "dev": true
        }
      }
    },
    "grunt-contrib-jshint": {
      "version": "0.5.4",
      "resolved": "https://registry.npmjs.org/grunt-contrib-jshint/-/grunt-contrib-jshint-0.5.4.tgz",
      "integrity": "sha1-baCGeLxjEFgM9sA3AprPvOo471k=",
      "dev": true,
      "requires": {
        "jshint": "~2.0.1"
      }
    },
    "hawk": {
      "version": "0.13.1",
      "resolved": "https://registry.npmjs.org/hawk/-/hawk-0.13.1.tgz",
      "integrity": "sha1-NheViCH1gxHk1/beKR/KZitBLvQ=",
      "dev": true,
      "requires": {
        "boom": "0.4.x",
        "cryptiles": "0.2.x",
        "hoek": "0.8.x",
        "sntp": "0.2.x"
      }
    },
    "hoek": {
      "version": "0.8.5",
      "resolved": "https://registry.npmjs.org/hoek/-/hoek-0.8.5.tgz",
      "integrity": "sha1-Hp/XcO9+vgJ0rfy1sIBqAlpeTp8=",
      "dev": true
    },
    "hooker": {
      "version": "0.2.3",
      "resolved": "https://registry.npmjs.org/hooker/-/hooker-0.2.3.tgz",
      "integrity": "sha1-uDT3I8xKJCqmWWNFnfbZhMXT2Vk=",
      "dev": true
    },
    "http-signature": {
      "version": "0.9.11",
      "resolved": "https://registry.npmjs.org/http-signature/-/http-signature-0.9.11.tgz",
      "integrity": "sha1-nognFFcjFeZ5Cl0KeVXv/x8Z5lM=",
      "dev": true,
      "requires": {
        "asn1": "0.1.11",
        "assert-plus": "0.1.2",
        "ctype": "0.5.2"
      }
    },
    "iconv-lite": {
      "version": "0.2.11",
      "resolved": "https://registry.npmjs.org/iconv-lite/-/iconv-lite-0.2.11.tgz",
      "integrity": "sha1-HOYKOleGSiktEyH/RgnKS7llrcg=",
      "dev": true
    },
    "inherits": {
      "version": "1.0.2",
      "resolved": "https://registry.npmjs.org/inherits/-/inherits-1.0.2.tgz",
      "integrity": "sha1-ykMJ2t7mtUzAuNJH6NfHoJdb3Js="
    },
    "jasmine-node": {
      "version": "1.0.28",
      "resolved": "https://registry.npmjs.org/jasmine-node/-/jasmine-node-1.0.28.tgz",
      "integrity": "sha1-lXLIgdV04j0s7SyM1VfLMHLs5uI=",
      "requires": {
        "coffee-script": ">=1.0.1",
        "jasmine-reporters": ">=0.2.0",
        "requirejs": ">=0.27.1",
        "underscore": ">= 1.3.1",
        "walkdir": ">= 0.0.1"
      }
    },
    "jasmine-reporters": {
      "version": "2.3.2",
      "resolved": "https://registry.npmjs.org/jasmine-reporters/-/jasmine-reporters-2.3.2.tgz",
      "integrity": "sha512-u/7AT9SkuZsUfFBLLzbErohTGNsEUCKaQbsVYnLFW1gEuL2DzmBL4n8v90uZsqIqlWvWUgian8J6yOt5Fyk/+A==",
      "requires": {
        "mkdirp": "^0.5.1",
        "xmldom": "^0.1.22"
      }
    },
    "js-yaml": {
      "version": "2.0.5",
      "resolved": "https://registry.npmjs.org/js-yaml/-/js-yaml-2.0.5.tgz",
      "integrity": "sha1-olrmUJmZ6X3yeMZxnaEb0Gh3Q6g=",
      "dev": true,
      "requires": {
        "argparse": "~ 0.1.11",
        "esprima": "~ 1.0.2"
      }
    },
    "jshint": {
      "version": "2.0.1",
      "resolved": "https://registry.npmjs.org/jshint/-/jshint-2.0.1.tgz",
      "integrity": "sha1-sEzek5Ryr9e6Ds+YzQF1up7URaQ=",
      "dev": true,
      "requires": {
        "cli": "0.4.x",
        "console-browserify": "0.1.x",
        "minimatch": "0.x.x",
        "shelljs": "0.1.x",
        "underscore": "1.4.x"
      }
    },
    "json-stringify-safe": {
      "version": "4.0.0",
      "resolved": "https://registry.npmjs.org/json-stringify-safe/-/json-stringify-safe-4.0.0.tgz",
      "integrity": "sha1-d8JxqupUMC5o7+rMtWq78GqbGlQ=",
      "dev": true
    },
    "less": {
      "version": "1.3.0",
      "resolved": "https://registry.npmjs.org/less/-/less-1.3.0.tgz",
      "integrity": "sha1-VyYXDLVmHXRJlCx4+zqJTXToEDw="
    },
    "less-middleware": {
      "version": "0.1.7",
      "resolved": "https://registry.npmjs.org/less-middleware/-/less-middleware-0.1.7.tgz",
      "integrity": "sha1-4ZW5wXGsnd7XRAQj6bIkPPtlGlI=",
      "requires": {
        "less": ">= 1.3.0",
        "mkdirp": ">= 0.3.1"
      }
    },
    "lodash": {
      "version": "0.9.2",
      "resolved": "https://registry.npmjs.org/lodash/-/lodash-0.9.2.tgz",
      "integrity": "sha1-jzSZxSRdNG1oLlsNO0B2fgnxqSw=",
      "dev": true
    },
    "lru-cache": {
      "version": "2.7.3",
      "resolved": "https://registry.npmjs.org/lru-cache/-/lru-cache-2.7.3.tgz",
      "integrity": "sha1-bUUk6LlV+V1PW1iFHOId1y+06VI="
    },
    "methods": {
      "version": "0.0.1",
      "resolved": "https://registry.npmjs.org/methods/-/methods-0.0.1.tgz",
      "integrity": "sha1-J3yQ+L7zlwlkWoNxxRw7bGSOBow="
    },
    "mime": {
      "version": "1.2.6",
      "resolved": "https://registry.npmjs.org/mime/-/mime-1.2.6.tgz",
      "integrity": "sha1-sfhsdowCX6h7SAdfFwnyiuryA2U="
    },
    "minimatch": {
      "version": "0.2.14",
      "resolved": "https://registry.npmjs.org/minimatch/-/minimatch-0.2.14.tgz",
      "integrity": "sha1-x054BXT2PG+aCQ6Q775u9TpqdWo=",
      "requires": {
        "lru-cache": "2",
        "sigmund": "~1.0.0"
      }
    },
    "minimist": {
      "version": "0.0.8",
      "resolved": "https://registry.npmjs.org/minimist/-/minimist-0.0.8.tgz",
      "integrity": "sha1-hX/Kv8M5fSYluCKCYuhqp6ARsF0="
    },
    "mkdirp": {
      "version": "0.5.1",
      "resolved": "https://registry.npmjs.org/mkdirp/-/mkdirp-0.5.1.tgz",
      "integrity": "sha1-MAV0OOrGz3+MR2fzhkjWaX11yQM=",
      "requires": {
        "minimist": "0.0.8"
      }
    },
    "ms": {
      "version": "2.1.1",
      "resolved": "https://registry.npmjs.org/ms/-/ms-2.1.1.tgz",
      "integrity": "sha512-tgp+dl5cGk28utYktBsrFqA7HKgrhgPsg6Z/EfhWI4gl1Hwq8B/GmY/0oXZ6nF8hDVesS/FpnYaD/kOWhYQvyg=="
    },
    "node-uuid": {
      "version": "1.4.8",
      "resolved": "https://registry.npmjs.org/node-uuid/-/node-uuid-1.4.8.tgz",
      "integrity": "sha1-sEDrCSOWivq/jTL7HxfxFn/auQc=",
      "dev": true
    },
    "nopt": {
      "version": "1.0.10",
      "resolved": "https://registry.npmjs.org/nopt/-/nopt-1.0.10.tgz",
      "integrity": "sha1-bd0hvSoxQXuScn3Vhfim83YI6+4=",
      "dev": true,
      "requires": {
        "abbrev": "1"
      }
    },
    "oauth-sign": {
      "version": "0.3.0",
      "resolved": "https://registry.npmjs.org/oauth-sign/-/oauth-sign-0.3.0.tgz",
      "integrity": "sha1-y1QPk7srIqfVlBaRoojWDo6pOG4=",
      "dev": true
    },
    "optimist": {
      "version": "0.3.5",
      "resolved": "https://registry.npmjs.org/optimist/-/optimist-0.3.5.tgz",
      "integrity": "sha1-A2VLUkFwMDEtEJ85sVmCW2AwkwQ=",
      "requires": {
        "wordwrap": "~0.0.2"
      }
    },
    "pause": {
      "version": "0.0.1",
      "resolved": "https://registry.npmjs.org/pause/-/pause-0.0.1.tgz",
      "integrity": "sha1-HUCLP9t2kjuVQ9lvtMnf1TXZy10="
    },
    "q": {
      "version": "0.9.7",
      "resolved": "https://registry.npmjs.org/q/-/q-0.9.7.tgz",
      "integrity": "sha1-TeLmyzspCIyeTLwDv51C+5bOL3U=",
      "dev": true
    },
    "qs": {
      "version": "0.5.1",
      "resolved": "https://registry.npmjs.org/qs/-/qs-0.5.1.tgz",
      "integrity": "sha1-n2v12axsdjhOldNtFbSJgOXkrdA="
    },
    "range-parser": {
      "version": "0.0.4",
      "resolved": "https://registry.npmjs.org/range-parser/-/range-parser-0.0.4.tgz",
      "integrity": "sha1-wEJ//vUcEKy6B4KkbJYC50T/Ygs="
    },
    "request": {
      "version": "2.21.0",
      "resolved": "https://registry.npmjs.org/request/-/request-2.21.0.tgz",
      "integrity": "sha1-VyirnEXlqHyZ2szVMCmLZnOoaNc=",
      "dev": true,
      "requires": {
        "aws-sign": "~0.3.0",
        "cookie-jar": "~0.3.0",
        "forever-agent": "~0.5.0",
        "form-data": "0.0.8",
        "hawk": "~0.13.0",
        "http-signature": "~0.9.11",
        "json-stringify-safe": "~4.0.0",
        "mime": "~1.2.9",
        "node-uuid": "~1.4.0",
        "oauth-sign": "~0.3.0",
        "qs": "~0.6.0",
        "tunnel-agent": "~0.3.0"
      },
      "dependencies": {
        "mime": {
          "version": "1.2.11",
          "resolved": "https://registry.npmjs.org/mime/-/mime-1.2.11.tgz",
          "integrity": "sha1-WCA+7Ybjpe8XrtK32evUfwpg3RA=",
          "dev": true
        },
        "qs": {
          "version": "0.6.6",
          "resolved": "https://registry.npmjs.org/qs/-/qs-0.6.6.tgz",
          "integrity": "sha1-bgFQmP9RlouKPIGQAdXyyJvEsQc=",
          "dev": true
        }
      }
    },
    "requirejs": {
      "version": "2.3.6",
      "resolved": "https://registry.npmjs.org/requirejs/-/requirejs-2.3.6.tgz",
      "integrity": "sha512-ipEzlWQe6RK3jkzikgCupiTbTvm4S0/CAU5GlgptkN5SO6F3u0UD0K18wy6ErDqiCyP4J4YYe1HuAShvsxePLg=="
    },
    "rimraf": {
      "version": "2.0.3",
      "resolved": "https://registry.npmjs.org/rimraf/-/rimraf-2.0.3.tgz",
      "integrity": "sha1-9QopZecUTpr9mYmC8V33BnMPVqk=",
      "dev": true,
      "requires": {
        "graceful-fs": "~1.1"
      }
    },
    "send": {
      "version": "0.1.0",
      "resolved": "https://registry.npmjs.org/send/-/send-0.1.0.tgz",
      "integrity": "sha1-z7COvTzsm3/Bo32f+eh1qXHPRkA=",
      "requires": {
        "debug": "*",
        "fresh": "0.1.0",
        "mime": "1.2.6",
        "range-parser": "0.0.4"
      }
    },
    "shelljs": {
      "version": "0.1.4",
      "resolved": "https://registry.npmjs.org/shelljs/-/shelljs-0.1.4.tgz",
      "integrity": "sha1-37vnjVbDwBaNL7eeEOzR28sH7A4=",
      "dev": true
    },
    "sigmund": {
      "version": "1.0.1",
      "resolved": "https://registry.npmjs.org/sigmund/-/sigmund-1.0.1.tgz",
      "integrity": "sha1-P/IfGYytIXX587eBhT/ZTQ0ZtZA="
    },
    "sntp": {
      "version": "0.2.4",
      "resolved": "https://registry.npmjs.org/sntp/-/sntp-0.2.4.tgz",
      "integrity": "sha1-+4hfGLDzqtGJ+CSGJTa87ux1CQA=",
      "dev": true,
      "requires": {
        "hoek": "0.9.x"
      },
      "dependencies": {
        "hoek": {
          "version": "0.9.1",
          "resolved": "https://registry.npmjs.org/hoek/-/hoek-0.9.1.tgz",
          "integrity": "sha1-PTIkYrrfB3Fup+uFuviAec3c5QU=",
          "dev": true
        }
      }
    },
    "tunnel-agent": {
      "version": "0.3.0",
      "resolved": "https://registry.npmjs.org/tunnel-agent/-/tunnel-agent-0.3.0.tgz",
      "integrity": "sha1-rWgbaPUyGtKCfEz7G31d8s/pQu4=",
      "dev": true
    },
    "uglify-js": {
      "version": "1.3.3",
      "resolved": "https://registry.npmjs.org/uglify-js/-/uglify-js-1.3.3.tgz",
      "integrity": "sha1-3dPpiqJ/X0flic+z+VzduiYJYZA="
    },
    "underscore": {
      "version": "1.4.2",
      "resolved": "https://registry.npmjs.org/underscore/-/underscore-1.4.2.tgz",
      "integrity": "sha1-yyquanmZqJ/VWq7nW84DEWmM6/s="
    },
    "underscore.string": {
      "version": "2.0.0",
      "resolved": "https://registry.npmjs.org/underscore.string/-/underscore.string-2.0.0.tgz",
      "integrity": "sha1-dHCFilSguzVg0DfaVtzGe1GB4Ro="
    },
    "vargs": {
      "version": "0.1.0",
      "resolved": "https://registry.npmjs.org/vargs/-/vargs-0.1.0.tgz",
      "integrity": "sha1-a2GE2mUgzDIEzhtAfKwm2SYJ6/8=",
      "dev": true
    },
    "walkdir": {
      "version": "0.3.2",
      "resolved": "https://registry.npmjs.org/walkdir/-/walkdir-0.3.2.tgz",
      "integrity": "sha512-0Twghia4Z5wDGDYWURlhZmI47GvERMCsXIu0QZWVVZyW9ZjpbbZvD9Zy9M6cWiQQRRbAcYajIyKNavaZZDt1Uw=="
    },
    "wd": {
      "version": "0.0.32",
      "resolved": "https://registry.npmjs.org/wd/-/wd-0.0.32.tgz",
      "integrity": "sha1-nfvboKCmXjINAiNVGoSIO2woNqU=",
      "dev": true,
      "requires": {
        "async": "0.2.x",
        "q": "0.9.x",
        "request": "~2.21.0",
        "underscore": "1.4.x",
        "vargs": "~0.1.0"
      },
      "dependencies": {
        "async": {
          "version": "0.2.10",
          "resolved": "https://registry.npmjs.org/async/-/async-0.2.10.tgz",
          "integrity": "sha1-trvgsGdLnXGXCMo43owjfLUmw9E=",
          "dev": true
        }
      }
    },
    "which": {
      "version": "1.0.9",
      "resolved": "https://registry.npmjs.org/which/-/which-1.0.9.tgz",
      "integrity": "sha1-RgwdoPgQED0DIam2M6+eV15kSG8="
    },
    "wordwrap": {
      "version": "0.0.3",
      "resolved": "https://registry.npmjs.org/wordwrap/-/wordwrap-0.0.3.tgz",
      "integrity": "sha1-o9XabNXAvAAI03I0u68b7WMFkQc="
    },
    "xmldom": {
      "version": "0.1.27",
      "resolved": "https://registry.npmjs.org/xmldom/-/xmldom-0.1.27.tgz",
      "integrity": "sha1-1QH5ezvbQDr4757MIFcxh6rawOk="
    }
  }
}
